
Microsoft Visual Studio Solution File, Format Version 12.00
# Visual Studio Version 17
VisualStudioVersion = 17.4.33103.184
MinimumVisualStudioVersion = 10.0.40219.1
Project("{8BC9CEB8-8B4A-11D0-8D11-00A0C91BC942}") = "exam-01-01-hello", "exam-01-01-hello\exam-01-01-hello.vcxproj", "{DF78E650-A32B-4570-AF74-20669E7619A4}"
EndProject
Project("{8BC9CEB8-8B4A-11D0-8D11-00A0C91BC942}") = "exam-01-02-comment", "exam-01-02-comment\exam-01-02-comment.vcxproj", "{771FB9EF-5753-4D4B-A23C-909BC91EFBF9}"
EndProject
Project("{8BC9CEB8-8B4A-11D0-8D11-00A0C91BC942}") = "exam-02-01-variable", "exam-02-01-variable\exam-02-01-variable.vcxproj", "{DF93FA2F-D737-4738-ABE9-290C808D773D}"
EndProject
Project("{8BC9CEB8-8B4A-11D0-8D11-00A0C91BC942}") = "exam-02-02-variable-type", "exam-02-02-variable-type\exam-02-02-variable-type.vcxproj", "{2CD75021-0559-4AC1-A459-90BEA9E6B49F}"
EndProject
Project("{8BC9CEB8-8B4A-11D0-8D11-00A0C91BC942}") = "exam-02-03-literal", "exam-02-03-literal\exam-02-03-literal.vcxproj", "{D580F4CA-C2C7-48E4-8603-270B40795377}"
EndProject
Project("{8BC9CEB8-8B4A-11D0-8D11-00A0C91BC942}") = "exam-02-04-cast", "exam-02-04-cast\exam-02-04-cast.vcxproj", "{2879E31F-0014-4934-8F4A-24E722F3DB7C}"
EndProject
Project("{8BC9CEB8-8B4A-11D0-8D11-00A0C91BC942}") = "exam-03-01-data", "exan-03-01-data\exan-03-01-data.vcxproj", "{FC391AC8-3C9D-4835-B7C7-F3E3CD7EDAF3}"
EndProject
Project("{8BC9CEB8-8B4A-11D0-8D11-00A0C91BC942}") = "exam-04-01-printf", "exam-04-01-printf\exam-04-01-printf.vcxproj", "{BEC84743-40D6-410D-852C-38D5C42106EF}"
EndProject
Project("{8BC9CEB8-8B4A-11D0-8D11-00A0C91BC942}") = "exam-04-02-scanf2", "exam-04-02-scanf2\exam-04-02-scanf2.vcxproj", "{BB248919-904F-4EDD-B9EC-E0CB88616CE3}"
EndProject
Project("{8BC9CEB8-8B4A-11D0-8D11-00A0C91BC942}") = "exam-05-01-operator", "exam-05-01-operator\exam-05-01-operator.vcxproj", "{4DF5539F-8ECA-49BA-9FC6-66B00027C306}"
EndProject
Project("{8BC9CEB8-8B4A-11D0-8D11-00A0C91BC942}") = "exam-06-01-operator2", "exam-06-01-operator2\exam-06-01-operator2.vcxproj", "{C2E23B88-14EA-4EBA-9354-00C550F1B4A3}"
EndProject
Project("{8BC9CEB8-8B4A-11D0-8D11-00A0C91BC942}") = "exam-07-01-conditional", "exam-07-01-conditional\exam-07-01-conditional.vcxproj", "{44888269-C75C-4E5E-8B83-040ADE2D450D}"
EndProject
Project("{8BC9CEB8-8B4A-11D0-8D11-00A0C91BC942}") = "exam-07-02-conditional2", "exam-07-02-conditional2\exam-07-02-conditional2.vcxproj", "{472C28D7-9039-4C21-B2AB-0900327C637B}"
EndProject
Project("{8BC9CEB8-8B4A-11D0-8D11-00A0C91BC942}") = "exam-08-01-loop", "exam-08-01-loop\exam-08-01-loop.vcxproj", "{F349E7B7-6479-4C6E-BD8F-2ACA4E2D0C16}"
EndProject
Project("{8BC9CEB8-8B4A-11D0-8D11-00A0C91BC942}") = "exam-08-02-loop-do_while", "exam-08-02-loop-do_while\exam-08-02-loop-do_while.vcxproj", "{1C915E0E-2329-4EA0-B547-B9E504765D82}"
EndProject
Project("{8BC9CEB8-8B4A-11D0-8D11-00A0C91BC942}") = "exam-08-03-loop-for", "exam-08-03-loop-for\exam-08-03-loop-for.vcxproj", "{09F33C0C-97A6-48D3-B792-BFE1CD1B0426}"
EndProject
Project("{8BC9CEB8-8B4A-11D0-8D11-00A0C91BC942}") = "exam-08-04-loop-break", "exam-08-04-loop-break\exam-08-04-loop-break.vcxproj", "{D50A8BEB-624F-4887-B7D0-36E2739643C6}"
EndProject
Project("{8BC9CEB8-8B4A-11D0-8D11-00A0C91BC942}") = "exam-08-05-loop-continue", "exam-08-05-loop-continue\exam-08-05-loop-continue.vcxproj", "{D60A43BE-579D-4CC9-9211-58129B8797FA}"
EndProject
Project("{8BC9CEB8-8B4A-11D0-8D11-00A0C91BC942}") = "exam-08-06-loop-homework", "exam-08-06-loop-homework\exam-08-06-loop-homework.vcxproj", "{D69B7692-4132-48D5-BF87-56056FB2EB11}"
EndProject
Project("{8BC9CEB8-8B4A-11D0-8D11-00A0C91BC942}") = "exam-09-01-array", "exam-09-01-array\exam-09-01-array.vcxproj", "{B346C23F-3589-475F-ABAD-E8C64A1B2E73}"
EndProject
Project("{8BC9CEB8-8B4A-11D0-8D11-00A0C91BC942}") = "exam-12-01-array2d", "exam-12-01-array2d\exam-12-01-array2d.vcxproj", "{B4BC58D8-5E86-445D-8C0E-57F96464FB2E}"
EndProject
Project("{8BC9CEB8-8B4A-11D0-8D11-00A0C91BC942}") = "exam-12-02-array3d", "exam-12-02-array3d\exam-12-02-array3d.vcxproj", "{177F1AC7-7B65-4461-8C05-80B507D56ECD}"
EndProject
Project("{8BC9CEB8-8B4A-11D0-8D11-00A0C91BC942}") = "exam-12-03-array-homework", "exam-12-03-array-homework\exam-12-03-array-homework.vcxproj", "{A78C0538-DC7A-43DC-B610-3CDF0E67BF17}"
EndProject
Project("{8BC9CEB8-8B4A-11D0-8D11-00A0C91BC942}") = "exam-10-01-pointer", "exam-10-01-pointer\exam-10-01-pointer.vcxproj", "{73C16125-5FB4-48DF-B0B1-B6F8FDCEEF33}"
EndProject
Project("{8BC9CEB8-8B4A-11D0-8D11-00A0C91BC942}") = "exam-11-01-arrayPointer", "exam-11-01-arrayPointer\exam-11-01-arrayPointer.vcxproj", "{ED037850-93AF-4D32-A534-79B7C3B225FB}"
EndProject
Project("{8BC9CEB8-8B4A-11D0-8D11-00A0C91BC942}") = "exam-11-02-arrayPointer2", "exam-11-02-arrayPointer2\exam-11-02-arrayPointer2.vcxproj", "{AA291251-E37B-411F-B2E8-76267E3519D9}"
EndProject
Project("{8BC9CEB8-8B4A-11D0-8D11-00A0C91BC942}") = "exam-12-04-array-pointer", "exam-12-04-array-pointer\exam-12-04-array-pointer.vcxproj", "{79C81F10-E2E8-4819-B1CF-C9D487F871AD}"
EndProject
Project("{8BC9CEB8-8B4A-11D0-8D11-00A0C91BC942}") = "exam-13-01-string", "exam-13-01-string\exam-13-01-string.vcxproj", "{BA4365CA-1E03-4018-BD87-A89A76D45915}"
EndProject
Project("{8BC9CEB8-8B4A-11D0-8D11-00A0C91BC942}") = "exam-13-02-char-function", "exam-13-02-char-function\exam-13-02-char-function.vcxproj", "{17EE876E-2281-46F8-8238-1E81A26F4A66}"
EndProject
Project("{8BC9CEB8-8B4A-11D0-8D11-00A0C91BC942}") = "exam-13-03-eof", "exam-13-03-eof\exam-13-03-eof.vcxproj", "{414BB660-519C-45C8-8633-E57248981ED2}"
EndProject
Project("{8BC9CEB8-8B4A-11D0-8D11-00A0C91BC942}") = "exam-13-04-gets-puts", "exam-13-04-gets-puts\exam-13-04-gets-puts.vcxproj", "{62FD41D3-2FA0-456B-B8B1-BBC38309F8A8}"
EndProject
Project("{8BC9CEB8-8B4A-11D0-8D11-00A0C91BC942}") = "exam-13-05-string-function", "exam-13-05-string-function\exam-13-05-string-function.vcxproj", "{A59EDF49-FC0E-4096-8609-279090819DBF}"
EndProject
Project("{8BC9CEB8-8B4A-11D0-8D11-00A0C91BC942}") = "exam-13-06-string-function2", "exam-13-06-string-function2\exam-13-06-string-function2.vcxproj", "{ADAFFE03-F65A-4C66-A9E6-6CF6D54916C0}"
EndProject
Project("{8BC9CEB8-8B4A-11D0-8D11-00A0C91BC942}") = "exam-14-01-memory-area", "exam-14-01-memory-area\exam-14-01-memory-area.vcxproj", "{9C483E21-4B77-415B-8737-EF999354DF34}"
EndProject
Project("{8BC9CEB8-8B4A-11D0-8D11-00A0C91BC942}") = "exam-15-01-function", "exam-15-01-function\exam-15-01-function.vcxproj", "{7363D62B-3B4B-4786-8D0B-5CC784C0E184}"
EndProject
Project("{8BC9CEB8-8B4A-11D0-8D11-00A0C91BC942}") = "exam-15-02-function2", "exam-15-02-function2\exam-15-02-function2.vcxproj", "{D260E988-E4CE-4959-98A4-2B34EF721EBA}"
EndProject
Project("{8BC9CEB8-8B4A-11D0-8D11-00A0C91BC942}") = "exam-15-03-function3", "exam-15-03-function3\exam-15-03-function3.vcxproj", "{0DEC603B-A3F6-4D12-8E00-284FFCAB1483}"
EndProject
Project("{8BC9CEB8-8B4A-11D0-8D11-00A0C91BC942}") = "exam-15-04-function4", "exam-15-04-function4\exam-15-04-function4.vcxproj", "{D203D56C-4C5B-4F65-94E0-838DFB5BE0A8}"
EndProject
Project("{8BC9CEB8-8B4A-11D0-8D11-00A0C91BC942}") = "exam-15-05-local", "exam-15-05-local\exam-15-05-local.vcxproj", "{B17903BA-EE56-41F6-94D5-146291C36CF1}"
EndProject
Project("{8BC9CEB8-8B4A-11D0-8D11-00A0C91BC942}") = "exam-15-06-global", "exam-15-06-global\exam-15-06-global.vcxproj", "{33F2BF37-8154-450C-BD61-9B97D7A3AB41}"
EndProject
Project("{8BC9CEB8-8B4A-11D0-8D11-00A0C91BC942}") = "exam-15-07-static", "exam-15-07-static\exam-15-07-static.vcxproj", "{6B8DCC5F-E940-454D-8D6B-0369202AF159}"
EndProject
Project("{8BC9CEB8-8B4A-11D0-8D11-00A0C91BC942}") = "exam-16-01-function-array", "exam-16-01-function-array\exam-16-01-function-array.vcxproj", "{0C39084D-9279-418B-B97F-0BD1BC57348D}"
EndProject
Project("{8BC9CEB8-8B4A-11D0-8D11-00A0C91BC942}") = "exam-16-02-function-array2", "exam-16-02-function-array2\exam-16-02-function-array2.vcxproj", "{9A874E89-D009-4440-B8F3-A50E5D53C7DD}"
EndProject
Project("{8BC9CEB8-8B4A-11D0-8D11-00A0C91BC942}") = "exam-16-03-callbyvalue", "exam-16-03-callbyvalue\exam-16-03-callbyvalue.vcxproj", "{A8A80BCF-B85A-4C9D-9597-ACBC298286F1}"
EndProject
Project("{8BC9CEB8-8B4A-11D0-8D11-00A0C91BC942}") = "exam-16-04-callbyreference", "exam-16-04-callbyreference\exam-16-04-callbyreference.vcxproj", "{C4FD5310-EBDC-4338-8021-6D3B7E4C0ADF}"
EndProject
Global
	GlobalSection(SolutionConfigurationPlatforms) = preSolution
		Debug|x64 = Debug|x64
		Debug|x86 = Debug|x86
		Release|x64 = Release|x64
		Release|x86 = Release|x86
	EndGlobalSection
	GlobalSection(ProjectConfigurationPlatforms) = postSolution
		{DF78E650-A32B-4570-AF74-20669E7619A4}.Debug|x64.ActiveCfg = Debug|x64
		{DF78E650-A32B-4570-AF74-20669E7619A4}.Debug|x64.Build.0 = Debug|x64
		{DF78E650-A32B-4570-AF74-20669E7619A4}.Debug|x86.ActiveCfg = Debug|Win32
		{DF78E650-A32B-4570-AF74-20669E7619A4}.Debug|x86.Build.0 = Debug|Win32
		{DF78E650-A32B-4570-AF74-20669E7619A4}.Release|x64.ActiveCfg = Release|x64
		{DF78E650-A32B-4570-AF74-20669E7619A4}.Release|x64.Build.0 = Release|x64
		{DF78E650-A32B-4570-AF74-20669E7619A4}.Release|x86.ActiveCfg = Release|Win32
		{DF78E650-A32B-4570-AF74-20669E7619A4}.Release|x86.Build.0 = Release|Win32
		{771FB9EF-5753-4D4B-A23C-909BC91EFBF9}.Debug|x64.ActiveCfg = Debug|x64
		{771FB9EF-5753-4D4B-A23C-909BC91EFBF9}.Debug|x64.Build.0 = Debug|x64
		{771FB9EF-5753-4D4B-A23C-909BC91EFBF9}.Debug|x86.ActiveCfg = Debug|Win32
		{771FB9EF-5753-4D4B-A23C-909BC91EFBF9}.Debug|x86.Build.0 = Debug|Win32
		{771FB9EF-5753-4D4B-A23C-909BC91EFBF9}.Release|x64.ActiveCfg = Release|x64
		{771FB9EF-5753-4D4B-A23C-909BC91EFBF9}.Release|x64.Build.0 = Release|x64
		{771FB9EF-5753-4D4B-A23C-909BC91EFBF9}.Release|x86.ActiveCfg = Release|Win32
		{771FB9EF-5753-4D4B-A23C-909BC91EFBF9}.Release|x86.Build.0 = Release|Win32
		{DF93FA2F-D737-4738-ABE9-290C808D773D}.Debug|x64.ActiveCfg = Debug|x64
		{DF93FA2F-D737-4738-ABE9-290C808D773D}.Debug|x64.Build.0 = Debug|x64
		{DF93FA2F-D737-4738-ABE9-290C808D773D}.Debug|x86.ActiveCfg = Debug|Win32
		{DF93FA2F-D737-4738-ABE9-290C808D773D}.Debug|x86.Build.0 = Debug|Win32
		{DF93FA2F-D737-4738-ABE9-290C808D773D}.Release|x64.ActiveCfg = Release|x64
		{DF93FA2F-D737-4738-ABE9-290C808D773D}.Release|x64.Build.0 = Release|x64
		{DF93FA2F-D737-4738-ABE9-290C808D773D}.Release|x86.ActiveCfg = Release|Win32
		{DF93FA2F-D737-4738-ABE9-290C808D773D}.Release|x86.Build.0 = Release|Win32
		{2CD75021-0559-4AC1-A459-90BEA9E6B49F}.Debug|x64.ActiveCfg = Debug|x64
		{2CD75021-0559-4AC1-A459-90BEA9E6B49F}.Debug|x64.Build.0 = Debug|x64
		{2CD75021-0559-4AC1-A459-90BEA9E6B49F}.Debug|x86.ActiveCfg = Debug|Win32
		{2CD75021-0559-4AC1-A459-90BEA9E6B49F}.Debug|x86.Build.0 = Debug|Win32
		{2CD75021-0559-4AC1-A459-90BEA9E6B49F}.Release|x64.ActiveCfg = Release|x64
		{2CD75021-0559-4AC1-A459-90BEA9E6B49F}.Release|x64.Build.0 = Release|x64
		{2CD75021-0559-4AC1-A459-90BEA9E6B49F}.Release|x86.ActiveCfg = Release|Win32
		{2CD75021-0559-4AC1-A459-90BEA9E6B49F}.Release|x86.Build.0 = Release|Win32
		{D580F4CA-C2C7-48E4-8603-270B40795377}.Debug|x64.ActiveCfg = Debug|x64
		{D580F4CA-C2C7-48E4-8603-270B40795377}.Debug|x64.Build.0 = Debug|x64
		{D580F4CA-C2C7-48E4-8603-270B40795377}.Debug|x86.ActiveCfg = Debug|Win32
		{D580F4CA-C2C7-48E4-8603-270B40795377}.Debug|x86.Build.0 = Debug|Win32
		{D580F4CA-C2C7-48E4-8603-270B40795377}.Release|x64.ActiveCfg = Release|x64
		{D580F4CA-C2C7-48E4-8603-270B40795377}.Release|x64.Build.0 = Release|x64
		{D580F4CA-C2C7-48E4-8603-270B40795377}.Release|x86.ActiveCfg = Release|Win32
		{D580F4CA-C2C7-48E4-8603-270B40795377}.Release|x86.Build.0 = Release|Win32
		{2879E31F-0014-4934-8F4A-24E722F3DB7C}.Debug|x64.ActiveCfg = Debug|x64
		{2879E31F-0014-4934-8F4A-24E722F3DB7C}.Debug|x64.Build.0 = Debug|x64
		{2879E31F-0014-4934-8F4A-24E722F3DB7C}.Debug|x86.ActiveCfg = Debug|Win32
		{2879E31F-0014-4934-8F4A-24E722F3DB7C}.Debug|x86.Build.0 = Debug|Win32
		{2879E31F-0014-4934-8F4A-24E722F3DB7C}.Release|x64.ActiveCfg = Release|x64
		{2879E31F-0014-4934-8F4A-24E722F3DB7C}.Release|x64.Build.0 = Release|x64
		{2879E31F-0014-4934-8F4A-24E722F3DB7C}.Release|x86.ActiveCfg = Release|Win32
		{2879E31F-0014-4934-8F4A-24E722F3DB7C}.Release|x86.Build.0 = Release|Win32
		{FC391AC8-3C9D-4835-B7C7-F3E3CD7EDAF3}.Debug|x64.ActiveCfg = Debug|x64
		{FC391AC8-3C9D-4835-B7C7-F3E3CD7EDAF3}.Debug|x64.Build.0 = Debug|x64
		{FC391AC8-3C9D-4835-B7C7-F3E3CD7EDAF3}.Debug|x86.ActiveCfg = Debug|Win32
		{FC391AC8-3C9D-4835-B7C7-F3E3CD7EDAF3}.Debug|x86.Build.0 = Debug|Win32
		{FC391AC8-3C9D-4835-B7C7-F3E3CD7EDAF3}.Release|x64.ActiveCfg = Release|x64
		{FC391AC8-3C9D-4835-B7C7-F3E3CD7EDAF3}.Release|x64.Build.0 = Release|x64
		{FC391AC8-3C9D-4835-B7C7-F3E3CD7EDAF3}.Release|x86.ActiveCfg = Release|Win32
		{FC391AC8-3C9D-4835-B7C7-F3E3CD7EDAF3}.Release|x86.Build.0 = Release|Win32
		{BEC84743-40D6-410D-852C-38D5C42106EF}.Debug|x64.ActiveCfg = Debug|x64
		{BEC84743-40D6-410D-852C-38D5C42106EF}.Debug|x64.Build.0 = Debug|x64
		{BEC84743-40D6-410D-852C-38D5C42106EF}.Debug|x86.ActiveCfg = Debug|Win32
		{BEC84743-40D6-410D-852C-38D5C42106EF}.Debug|x86.Build.0 = Debug|Win32
		{BEC84743-40D6-410D-852C-38D5C42106EF}.Release|x64.ActiveCfg = Release|x64
		{BEC84743-40D6-410D-852C-38D5C42106EF}.Release|x64.Build.0 = Release|x64
		{BEC84743-40D6-410D-852C-38D5C42106EF}.Release|x86.ActiveCfg = Release|Win32
		{BEC84743-40D6-410D-852C-38D5C42106EF}.Release|x86.Build.0 = Release|Win32
		{BB248919-904F-4EDD-B9EC-E0CB88616CE3}.Debug|x64.ActiveCfg = Debug|x64
		{BB248919-904F-4EDD-B9EC-E0CB88616CE3}.Debug|x64.Build.0 = Debug|x64
		{BB248919-904F-4EDD-B9EC-E0CB88616CE3}.Debug|x86.ActiveCfg = Debug|Win32
		{BB248919-904F-4EDD-B9EC-E0CB88616CE3}.Debug|x86.Build.0 = Debug|Win32
		{BB248919-904F-4EDD-B9EC-E0CB88616CE3}.Release|x64.ActiveCfg = Release|x64
		{BB248919-904F-4EDD-B9EC-E0CB88616CE3}.Release|x64.Build.0 = Release|x64
		{BB248919-904F-4EDD-B9EC-E0CB88616CE3}.Release|x86.ActiveCfg = Release|Win32
		{BB248919-904F-4EDD-B9EC-E0CB88616CE3}.Release|x86.Build.0 = Release|Win32
		{4DF5539F-8ECA-49BA-9FC6-66B00027C306}.Debug|x64.ActiveCfg = Debug|x64
		{4DF5539F-8ECA-49BA-9FC6-66B00027C306}.Debug|x64.Build.0 = Debug|x64
		{4DF5539F-8ECA-49BA-9FC6-66B00027C306}.Debug|x86.ActiveCfg = Debug|Win32
		{4DF5539F-8ECA-49BA-9FC6-66B00027C306}.Debug|x86.Build.0 = Debug|Win32
		{4DF5539F-8ECA-49BA-9FC6-66B00027C306}.Release|x64.ActiveCfg = Release|x64
		{4DF5539F-8ECA-49BA-9FC6-66B00027C306}.Release|x64.Build.0 = Release|x64
		{4DF5539F-8ECA-49BA-9FC6-66B00027C306}.Release|x86.ActiveCfg = Release|Win32
		{4DF5539F-8ECA-49BA-9FC6-66B00027C306}.Release|x86.Build.0 = Release|Win32
		{C2E23B88-14EA-4EBA-9354-00C550F1B4A3}.Debug|x64.ActiveCfg = Debug|x64
		{C2E23B88-14EA-4EBA-9354-00C550F1B4A3}.Debug|x64.Build.0 = Debug|x64
		{C2E23B88-14EA-4EBA-9354-00C550F1B4A3}.Debug|x86.ActiveCfg = Debug|Win32
		{C2E23B88-14EA-4EBA-9354-00C550F1B4A3}.Debug|x86.Build.0 = Debug|Win32
		{C2E23B88-14EA-4EBA-9354-00C550F1B4A3}.Release|x64.ActiveCfg = Release|x64
		{C2E23B88-14EA-4EBA-9354-00C550F1B4A3}.Release|x64.Build.0 = Release|x64
		{C2E23B88-14EA-4EBA-9354-00C550F1B4A3}.Release|x86.ActiveCfg = Release|Win32
		{C2E23B88-14EA-4EBA-9354-00C550F1B4A3}.Release|x86.Build.0 = Release|Win32
		{44888269-C75C-4E5E-8B83-040ADE2D450D}.Debug|x64.ActiveCfg = Debug|x64
		{44888269-C75C-4E5E-8B83-040ADE2D450D}.Debug|x64.Build.0 = Debug|x64
		{44888269-C75C-4E5E-8B83-040ADE2D450D}.Debug|x86.ActiveCfg = Debug|Win32
		{44888269-C75C-4E5E-8B83-040ADE2D450D}.Debug|x86.Build.0 = Debug|Win32
		{44888269-C75C-4E5E-8B83-040ADE2D450D}.Release|x64.ActiveCfg = Release|x64
		{44888269-C75C-4E5E-8B83-040ADE2D450D}.Release|x64.Build.0 = Release|x64
		{44888269-C75C-4E5E-8B83-040ADE2D450D}.Release|x86.ActiveCfg = Release|Win32
		{44888269-C75C-4E5E-8B83-040ADE2D450D}.Release|x86.Build.0 = Release|Win32
		{472C28D7-9039-4C21-B2AB-0900327C637B}.Debug|x64.ActiveCfg = Debug|x64
		{472C28D7-9039-4C21-B2AB-0900327C637B}.Debug|x64.Build.0 = Debug|x64
		{472C28D7-9039-4C21-B2AB-0900327C637B}.Debug|x86.ActiveCfg = Debug|Win32
		{472C28D7-9039-4C21-B2AB-0900327C637B}.Debug|x86.Build.0 = Debug|Win32
		{472C28D7-9039-4C21-B2AB-0900327C637B}.Release|x64.ActiveCfg = Release|x64
		{472C28D7-9039-4C21-B2AB-0900327C637B}.Release|x64.Build.0 = Release|x64
		{472C28D7-9039-4C21-B2AB-0900327C637B}.Release|x86.ActiveCfg = Release|Win32
		{472C28D7-9039-4C21-B2AB-0900327C637B}.Release|x86.Build.0 = Release|Win32
		{F349E7B7-6479-4C6E-BD8F-2ACA4E2D0C16}.Debug|x64.ActiveCfg = Debug|x64
		{F349E7B7-6479-4C6E-BD8F-2ACA4E2D0C16}.Debug|x64.Build.0 = Debug|x64
		{F349E7B7-6479-4C6E-BD8F-2ACA4E2D0C16}.Debug|x86.ActiveCfg = Debug|Win32
		{F349E7B7-6479-4C6E-BD8F-2ACA4E2D0C16}.Debug|x86.Build.0 = Debug|Win32
		{F349E7B7-6479-4C6E-BD8F-2ACA4E2D0C16}.Release|x64.ActiveCfg = Release|x64
		{F349E7B7-6479-4C6E-BD8F-2ACA4E2D0C16}.Release|x64.Build.0 = Release|x64
		{F349E7B7-6479-4C6E-BD8F-2ACA4E2D0C16}.Release|x86.ActiveCfg = Release|Win32
		{F349E7B7-6479-4C6E-BD8F-2ACA4E2D0C16}.Release|x86.Build.0 = Release|Win32
		{1C915E0E-2329-4EA0-B547-B9E504765D82}.Debug|x64.ActiveCfg = Debug|x64
		{1C915E0E-2329-4EA0-B547-B9E504765D82}.Debug|x64.Build.0 = Debug|x64
		{1C915E0E-2329-4EA0-B547-B9E504765D82}.Debug|x86.ActiveCfg = Debug|Win32
		{1C915E0E-2329-4EA0-B547-B9E504765D82}.Debug|x86.Build.0 = Debug|Win32
		{1C915E0E-2329-4EA0-B547-B9E504765D82}.Release|x64.ActiveCfg = Release|x64
		{1C915E0E-2329-4EA0-B547-B9E504765D82}.Release|x64.Build.0 = Release|x64
		{1C915E0E-2329-4EA0-B547-B9E504765D82}.Release|x86.ActiveCfg = Release|Win32
		{1C915E0E-2329-4EA0-B547-B9E504765D82}.Release|x86.Build.0 = Release|Win32
		{09F33C0C-97A6-48D3-B792-BFE1CD1B0426}.Debug|x64.ActiveCfg = Debug|x64
		{09F33C0C-97A6-48D3-B792-BFE1CD1B0426}.Debug|x64.Build.0 = Debug|x64
		{09F33C0C-97A6-48D3-B792-BFE1CD1B0426}.Debug|x86.ActiveCfg = Debug|Win32
		{09F33C0C-97A6-48D3-B792-BFE1CD1B0426}.Debug|x86.Build.0 = Debug|Win32
		{09F33C0C-97A6-48D3-B792-BFE1CD1B0426}.Release|x64.ActiveCfg = Release|x64
		{09F33C0C-97A6-48D3-B792-BFE1CD1B0426}.Release|x64.Build.0 = Release|x64
		{09F33C0C-97A6-48D3-B792-BFE1CD1B0426}.Release|x86.ActiveCfg = Release|Win32
		{09F33C0C-97A6-48D3-B792-BFE1CD1B0426}.Release|x86.Build.0 = Release|Win32
		{D50A8BEB-624F-4887-B7D0-36E2739643C6}.Debug|x64.ActiveCfg = Debug|x64
		{D50A8BEB-624F-4887-B7D0-36E2739643C6}.Debug|x64.Build.0 = Debug|x64
		{D50A8BEB-624F-4887-B7D0-36E2739643C6}.Debug|x86.ActiveCfg = Debug|Win32
		{D50A8BEB-624F-4887-B7D0-36E2739643C6}.Debug|x86.Build.0 = Debug|Win32
		{D50A8BEB-624F-4887-B7D0-36E2739643C6}.Release|x64.ActiveCfg = Release|x64
		{D50A8BEB-624F-4887-B7D0-36E2739643C6}.Release|x64.Build.0 = Release|x64
		{D50A8BEB-624F-4887-B7D0-36E2739643C6}.Release|x86.ActiveCfg = Release|Win32
		{D50A8BEB-624F-4887-B7D0-36E2739643C6}.Release|x86.Build.0 = Release|Win32
		{D60A43BE-579D-4CC9-9211-58129B8797FA}.Debug|x64.ActiveCfg = Debug|x64
		{D60A43BE-579D-4CC9-9211-58129B8797FA}.Debug|x64.Build.0 = Debug|x64
		{D60A43BE-579D-4CC9-9211-58129B8797FA}.Debug|x86.ActiveCfg = Debug|Win32
		{D60A43BE-579D-4CC9-9211-58129B8797FA}.Debug|x86.Build.0 = Debug|Win32
		{D60A43BE-579D-4CC9-9211-58129B8797FA}.Release|x64.ActiveCfg = Release|x64
		{D60A43BE-579D-4CC9-9211-58129B8797FA}.Release|x64.Build.0 = Release|x64
		{D60A43BE-579D-4CC9-9211-58129B8797FA}.Release|x86.ActiveCfg = Release|Win32
		{D60A43BE-579D-4CC9-9211-58129B8797FA}.Release|x86.Build.0 = Release|Win32
		{D69B7692-4132-48D5-BF87-56056FB2EB11}.Debug|x64.ActiveCfg = Debug|x64
		{D69B7692-4132-48D5-BF87-56056FB2EB11}.Debug|x64.Build.0 = Debug|x64
		{D69B7692-4132-48D5-BF87-56056FB2EB11}.Debug|x86.ActiveCfg = Debug|Win32
		{D69B7692-4132-48D5-BF87-56056FB2EB11}.Debug|x86.Build.0 = Debug|Win32
		{D69B7692-4132-48D5-BF87-56056FB2EB11}.Release|x64.ActiveCfg = Release|x64
		{D69B7692-4132-48D5-BF87-56056FB2EB11}.Release|x64.Build.0 = Release|x64
		{D69B7692-4132-48D5-BF87-56056FB2EB11}.Release|x86.ActiveCfg = Release|Win32
		{D69B7692-4132-48D5-BF87-56056FB2EB11}.Release|x86.Build.0 = Release|Win32
		{B346C23F-3589-475F-ABAD-E8C64A1B2E73}.Debug|x64.ActiveCfg = Debug|x64
		{B346C23F-3589-475F-ABAD-E8C64A1B2E73}.Debug|x64.Build.0 = Debug|x64
		{B346C23F-3589-475F-ABAD-E8C64A1B2E73}.Debug|x86.ActiveCfg = Debug|Win32
		{B346C23F-3589-475F-ABAD-E8C64A1B2E73}.Debug|x86.Build.0 = Debug|Win32
		{B346C23F-3589-475F-ABAD-E8C64A1B2E73}.Release|x64.ActiveCfg = Release|x64
		{B346C23F-3589-475F-ABAD-E8C64A1B2E73}.Release|x64.Build.0 = Release|x64
		{B346C23F-3589-475F-ABAD-E8C64A1B2E73}.Release|x86.ActiveCfg = Release|Win32
		{B346C23F-3589-475F-ABAD-E8C64A1B2E73}.Release|x86.Build.0 = Release|Win32
		{B4BC58D8-5E86-445D-8C0E-57F96464FB2E}.Debug|x64.ActiveCfg = Debug|x64
		{B4BC58D8-5E86-445D-8C0E-57F96464FB2E}.Debug|x64.Build.0 = Debug|x64
		{B4BC58D8-5E86-445D-8C0E-57F96464FB2E}.Debug|x86.ActiveCfg = Debug|Win32
		{B4BC58D8-5E86-445D-8C0E-57F96464FB2E}.Debug|x86.Build.0 = Debug|Win32
		{B4BC58D8-5E86-445D-8C0E-57F96464FB2E}.Release|x64.ActiveCfg = Release|x64
		{B4BC58D8-5E86-445D-8C0E-57F96464FB2E}.Release|x64.Build.0 = Release|x64
		{B4BC58D8-5E86-445D-8C0E-57F96464FB2E}.Release|x86.ActiveCfg = Release|Win32
		{B4BC58D8-5E86-445D-8C0E-57F96464FB2E}.Release|x86.Build.0 = Release|Win32
		{177F1AC7-7B65-4461-8C05-80B507D56ECD}.Debug|x64.ActiveCfg = Debug|x64
		{177F1AC7-7B65-4461-8C05-80B507D56ECD}.Debug|x64.Build.0 = Debug|x64
		{177F1AC7-7B65-4461-8C05-80B507D56ECD}.Debug|x86.ActiveCfg = Debug|Win32
		{177F1AC7-7B65-4461-8C05-80B507D56ECD}.Debug|x86.Build.0 = Debug|Win32
		{177F1AC7-7B65-4461-8C05-80B507D56ECD}.Release|x64.ActiveCfg = Release|x64
		{177F1AC7-7B65-4461-8C05-80B507D56ECD}.Release|x64.Build.0 = Release|x64
		{177F1AC7-7B65-4461-8C05-80B507D56ECD}.Release|x86.ActiveCfg = Release|Win32
		{177F1AC7-7B65-4461-8C05-80B507D56ECD}.Release|x86.Build.0 = Release|Win32
		{A78C0538-DC7A-43DC-B610-3CDF0E67BF17}.Debug|x64.ActiveCfg = Debug|x64
		{A78C0538-DC7A-43DC-B610-3CDF0E67BF17}.Debug|x64.Build.0 = Debug|x64
		{A78C0538-DC7A-43DC-B610-3CDF0E67BF17}.Debug|x86.ActiveCfg = Debug|Win32
		{A78C0538-DC7A-43DC-B610-3CDF0E67BF17}.Debug|x86.Build.0 = Debug|Win32
		{A78C0538-DC7A-43DC-B610-3CDF0E67BF17}.Release|x64.ActiveCfg = Release|x64
		{A78C0538-DC7A-43DC-B610-3CDF0E67BF17}.Release|x64.Build.0 = Release|x64
		{A78C0538-DC7A-43DC-B610-3CDF0E67BF17}.Release|x86.ActiveCfg = Release|Win32
		{A78C0538-DC7A-43DC-B610-3CDF0E67BF17}.Release|x86.Build.0 = Release|Win32
		{73C16125-5FB4-48DF-B0B1-B6F8FDCEEF33}.Debug|x64.ActiveCfg = Debug|x64
		{73C16125-5FB4-48DF-B0B1-B6F8FDCEEF33}.Debug|x64.Build.0 = Debug|x64
		{73C16125-5FB4-48DF-B0B1-B6F8FDCEEF33}.Debug|x86.ActiveCfg = Debug|Win32
		{73C16125-5FB4-48DF-B0B1-B6F8FDCEEF33}.Debug|x86.Build.0 = Debug|Win32
		{73C16125-5FB4-48DF-B0B1-B6F8FDCEEF33}.Release|x64.ActiveCfg = Release|x64
		{73C16125-5FB4-48DF-B0B1-B6F8FDCEEF33}.Release|x64.Build.0 = Release|x64
		{73C16125-5FB4-48DF-B0B1-B6F8FDCEEF33}.Release|x86.ActiveCfg = Release|Win32
		{73C16125-5FB4-48DF-B0B1-B6F8FDCEEF33}.Release|x86.Build.0 = Release|Win32
		{ED037850-93AF-4D32-A534-79B7C3B225FB}.Debug|x64.ActiveCfg = Debug|x64
		{ED037850-93AF-4D32-A534-79B7C3B225FB}.Debug|x64.Build.0 = Debug|x64
		{ED037850-93AF-4D32-A534-79B7C3B225FB}.Debug|x86.ActiveCfg = Debug|Win32
		{ED037850-93AF-4D32-A534-79B7C3B225FB}.Debug|x86.Build.0 = Debug|Win32
		{ED037850-93AF-4D32-A534-79B7C3B225FB}.Release|x64.ActiveCfg = Release|x64
		{ED037850-93AF-4D32-A534-79B7C3B225FB}.Release|x64.Build.0 = Release|x64
		{ED037850-93AF-4D32-A534-79B7C3B225FB}.Release|x86.ActiveCfg = Release|Win32
		{ED037850-93AF-4D32-A534-79B7C3B225FB}.Release|x86.Build.0 = Release|Win32
		{AA291251-E37B-411F-B2E8-76267E3519D9}.Debug|x64.ActiveCfg = Debug|x64
		{AA291251-E37B-411F-B2E8-76267E3519D9}.Debug|x64.Build.0 = Debug|x64
		{AA291251-E37B-411F-B2E8-76267E3519D9}.Debug|x86.ActiveCfg = Debug|Win32
		{AA291251-E37B-411F-B2E8-76267E3519D9}.Debug|x86.Build.0 = Debug|Win32
		{AA291251-E37B-411F-B2E8-76267E3519D9}.Release|x64.ActiveCfg = Release|x64
		{AA291251-E37B-411F-B2E8-76267E3519D9}.Release|x64.Build.0 = Release|x64
		{AA291251-E37B-411F-B2E8-76267E3519D9}.Release|x86.ActiveCfg = Release|Win32
		{AA291251-E37B-411F-B2E8-76267E3519D9}.Release|x86.Build.0 = Release|Win32
		{79C81F10-E2E8-4819-B1CF-C9D487F871AD}.Debug|x64.ActiveCfg = Debug|x64
		{79C81F10-E2E8-4819-B1CF-C9D487F871AD}.Debug|x64.Build.0 = Debug|x64
		{79C81F10-E2E8-4819-B1CF-C9D487F871AD}.Debug|x86.ActiveCfg = Debug|Win32
		{79C81F10-E2E8-4819-B1CF-C9D487F871AD}.Debug|x86.Build.0 = Debug|Win32
		{79C81F10-E2E8-4819-B1CF-C9D487F871AD}.Release|x64.ActiveCfg = Release|x64
		{79C81F10-E2E8-4819-B1CF-C9D487F871AD}.Release|x64.Build.0 = Release|x64
		{79C81F10-E2E8-4819-B1CF-C9D487F871AD}.Release|x86.ActiveCfg = Release|Win32
		{79C81F10-E2E8-4819-B1CF-C9D487F871AD}.Release|x86.Build.0 = Release|Win32
		{BA4365CA-1E03-4018-BD87-A89A76D45915}.Debug|x64.ActiveCfg = Debug|x64
		{BA4365CA-1E03-4018-BD87-A89A76D45915}.Debug|x64.Build.0 = Debug|x64
		{BA4365CA-1E03-4018-BD87-A89A76D45915}.Debug|x86.ActiveCfg = Debug|Win32
		{BA4365CA-1E03-4018-BD87-A89A76D45915}.Debug|x86.Build.0 = Debug|Win32
		{BA4365CA-1E03-4018-BD87-A89A76D45915}.Release|x64.ActiveCfg = Release|x64
		{BA4365CA-1E03-4018-BD87-A89A76D45915}.Release|x64.Build.0 = Release|x64
		{BA4365CA-1E03-4018-BD87-A89A76D45915}.Release|x86.ActiveCfg = Release|Win32
		{BA4365CA-1E03-4018-BD87-A89A76D45915}.Release|x86.Build.0 = Release|Win32
		{17EE876E-2281-46F8-8238-1E81A26F4A66}.Debug|x64.ActiveCfg = Debug|x64
		{17EE876E-2281-46F8-8238-1E81A26F4A66}.Debug|x64.Build.0 = Debug|x64
		{17EE876E-2281-46F8-8238-1E81A26F4A66}.Debug|x86.ActiveCfg = Debug|Win32
		{17EE876E-2281-46F8-8238-1E81A26F4A66}.Debug|x86.Build.0 = Debug|Win32
		{17EE876E-2281-46F8-8238-1E81A26F4A66}.Release|x64.ActiveCfg = Release|x64
		{17EE876E-2281-46F8-8238-1E81A26F4A66}.Release|x64.Build.0 = Release|x64
		{17EE876E-2281-46F8-8238-1E81A26F4A66}.Release|x86.ActiveCfg = Release|Win32
		{17EE876E-2281-46F8-8238-1E81A26F4A66}.Release|x86.Build.0 = Release|Win32
		{414BB660-519C-45C8-8633-E57248981ED2}.Debug|x64.ActiveCfg = Debug|x64
		{414BB660-519C-45C8-8633-E57248981ED2}.Debug|x64.Build.0 = Debug|x64
		{414BB660-519C-45C8-8633-E57248981ED2}.Debug|x86.ActiveCfg = Debug|Win32
		{414BB660-519C-45C8-8633-E57248981ED2}.Debug|x86.Build.0 = Debug|Win32
		{414BB660-519C-45C8-8633-E57248981ED2}.Release|x64.ActiveCfg = Release|x64
		{414BB660-519C-45C8-8633-E57248981ED2}.Release|x64.Build.0 = Release|x64
		{414BB660-519C-45C8-8633-E57248981ED2}.Release|x86.ActiveCfg = Release|Win32
		{414BB660-519C-45C8-8633-E57248981ED2}.Release|x86.Build.0 = Release|Win32
		{62FD41D3-2FA0-456B-B8B1-BBC38309F8A8}.Debug|x64.ActiveCfg = Debug|x64
		{62FD41D3-2FA0-456B-B8B1-BBC38309F8A8}.Debug|x64.Build.0 = Debug|x64
		{62FD41D3-2FA0-456B-B8B1-BBC38309F8A8}.Debug|x86.ActiveCfg = Debug|Win32
		{62FD41D3-2FA0-456B-B8B1-BBC38309F8A8}.Debug|x86.Build.0 = Debug|Win32
		{62FD41D3-2FA0-456B-B8B1-BBC38309F8A8}.Release|x64.ActiveCfg = Release|x64
		{62FD41D3-2FA0-456B-B8B1-BBC38309F8A8}.Release|x64.Build.0 = Release|x64
		{62FD41D3-2FA0-456B-B8B1-BBC38309F8A8}.Release|x86.ActiveCfg = Release|Win32
		{62FD41D3-2FA0-456B-B8B1-BBC38309F8A8}.Release|x86.Build.0 = Release|Win32
		{A59EDF49-FC0E-4096-8609-279090819DBF}.Debug|x64.ActiveCfg = Debug|x64
		{A59EDF49-FC0E-4096-8609-279090819DBF}.Debug|x64.Build.0 = Debug|x64
		{A59EDF49-FC0E-4096-8609-279090819DBF}.Debug|x86.ActiveCfg = Debug|Win32
		{A59EDF49-FC0E-4096-8609-279090819DBF}.Debug|x86.Build.0 = Debug|Win32
		{A59EDF49-FC0E-4096-8609-279090819DBF}.Release|x64.ActiveCfg = Release|x64
		{A59EDF49-FC0E-4096-8609-279090819DBF}.Release|x64.Build.0 = Release|x64
		{A59EDF49-FC0E-4096-8609-279090819DBF}.Release|x86.ActiveCfg = Release|Win32
		{A59EDF49-FC0E-4096-8609-279090819DBF}.Release|x86.Build.0 = Release|Win32
		{ADAFFE03-F65A-4C66-A9E6-6CF6D54916C0}.Debug|x64.ActiveCfg = Debug|x64
		{ADAFFE03-F65A-4C66-A9E6-6CF6D54916C0}.Debug|x64.Build.0 = Debug|x64
		{ADAFFE03-F65A-4C66-A9E6-6CF6D54916C0}.Debug|x86.ActiveCfg = Debug|Win32
		{ADAFFE03-F65A-4C66-A9E6-6CF6D54916C0}.Debug|x86.Build.0 = Debug|Win32
		{ADAFFE03-F65A-4C66-A9E6-6CF6D54916C0}.Release|x64.ActiveCfg = Release|x64
		{ADAFFE03-F65A-4C66-A9E6-6CF6D54916C0}.Release|x64.Build.0 = Release|x64
		{ADAFFE03-F65A-4C66-A9E6-6CF6D54916C0}.Release|x86.ActiveCfg = Release|Win32
		{ADAFFE03-F65A-4C66-A9E6-6CF6D54916C0}.Release|x86.Build.0 = Release|Win32
		{9C483E21-4B77-415B-8737-EF999354DF34}.Debug|x64.ActiveCfg = Debug|x64
		{9C483E21-4B77-415B-8737-EF999354DF34}.Debug|x64.Build.0 = Debug|x64
		{9C483E21-4B77-415B-8737-EF999354DF34}.Debug|x86.ActiveCfg = Debug|Win32
		{9C483E21-4B77-415B-8737-EF999354DF34}.Debug|x86.Build.0 = Debug|Win32
		{9C483E21-4B77-415B-8737-EF999354DF34}.Release|x64.ActiveCfg = Release|x64
		{9C483E21-4B77-415B-8737-EF999354DF34}.Release|x64.Build.0 = Release|x64
		{9C483E21-4B77-415B-8737-EF999354DF34}.Release|x86.ActiveCfg = Release|Win32
		{9C483E21-4B77-415B-8737-EF999354DF34}.Release|x86.Build.0 = Release|Win32
		{7363D62B-3B4B-4786-8D0B-5CC784C0E184}.Debug|x64.ActiveCfg = Debug|x64
		{7363D62B-3B4B-4786-8D0B-5CC784C0E184}.Debug|x64.Build.0 = Debug|x64
		{7363D62B-3B4B-4786-8D0B-5CC784C0E184}.Debug|x86.ActiveCfg = Debug|Win32
		{7363D62B-3B4B-4786-8D0B-5CC784C0E184}.Debug|x86.Build.0 = Debug|Win32
		{7363D62B-3B4B-4786-8D0B-5CC784C0E184}.Release|x64.ActiveCfg = Release|x64
		{7363D62B-3B4B-4786-8D0B-5CC784C0E184}.Release|x64.Build.0 = Release|x64
		{7363D62B-3B4B-4786-8D0B-5CC784C0E184}.Release|x86.ActiveCfg = Release|Win32
		{7363D62B-3B4B-4786-8D0B-5CC784C0E184}.Release|x86.Build.0 = Release|Win32
		{D260E988-E4CE-4959-98A4-2B34EF721EBA}.Debug|x64.ActiveCfg = Debug|x64
		{D260E988-E4CE-4959-98A4-2B34EF721EBA}.Debug|x64.Build.0 = Debug|x64
		{D260E988-E4CE-4959-98A4-2B34EF721EBA}.Debug|x86.ActiveCfg = Debug|Win32
		{D260E988-E4CE-4959-98A4-2B34EF721EBA}.Debug|x86.Build.0 = Debug|Win32
		{D260E988-E4CE-4959-98A4-2B34EF721EBA}.Release|x64.ActiveCfg = Release|x64
		{D260E988-E4CE-4959-98A4-2B34EF721EBA}.Release|x64.Build.0 = Release|x64
		{D260E988-E4CE-4959-98A4-2B34EF721EBA}.Release|x86.ActiveCfg = Release|Win32
		{D260E988-E4CE-4959-98A4-2B34EF721EBA}.Release|x86.Build.0 = Release|Win32
		{0DEC603B-A3F6-4D12-8E00-284FFCAB1483}.Debug|x64.ActiveCfg = Debug|x64
		{0DEC603B-A3F6-4D12-8E00-284FFCAB1483}.Debug|x64.Build.0 = Debug|x64
		{0DEC603B-A3F6-4D12-8E00-284FFCAB1483}.Debug|x86.ActiveCfg = Debug|Win32
		{0DEC603B-A3F6-4D12-8E00-284FFCAB1483}.Debug|x86.Build.0 = Debug|Win32
		{0DEC603B-A3F6-4D12-8E00-284FFCAB1483}.Release|x64.ActiveCfg = Release|x64
		{0DEC603B-A3F6-4D12-8E00-284FFCAB1483}.Release|x64.Build.0 = Release|x64
		{0DEC603B-A3F6-4D12-8E00-284FFCAB1483}.Release|x86.ActiveCfg = Release|Win32
		{0DEC603B-A3F6-4D12-8E00-284FFCAB1483}.Release|x86.Build.0 = Release|Win32
		{D203D56C-4C5B-4F65-94E0-838DFB5BE0A8}.Debug|x64.ActiveCfg = Debug|x64
		{D203D56C-4C5B-4F65-94E0-838DFB5BE0A8}.Debug|x64.Build.0 = Debug|x64
		{D203D56C-4C5B-4F65-94E0-838DFB5BE0A8}.Debug|x86.ActiveCfg = Debug|Win32
		{D203D56C-4C5B-4F65-94E0-838DFB5BE0A8}.Debug|x86.Build.0 = Debug|Win32
		{D203D56C-4C5B-4F65-94E0-838DFB5BE0A8}.Release|x64.ActiveCfg = Release|x64
		{D203D56C-4C5B-4F65-94E0-838DFB5BE0A8}.Release|x64.Build.0 = Release|x64
		{D203D56C-4C5B-4F65-94E0-838DFB5BE0A8}.Release|x86.ActiveCfg = Release|Win32
		{D203D56C-4C5B-4F65-94E0-838DFB5BE0A8}.Release|x86.Build.0 = Release|Win32
		{B17903BA-EE56-41F6-94D5-146291C36CF1}.Debug|x64.ActiveCfg = Debug|x64
		{B17903BA-EE56-41F6-94D5-146291C36CF1}.Debug|x64.Build.0 = Debug|x64
		{B17903BA-EE56-41F6-94D5-146291C36CF1}.Debug|x86.ActiveCfg = Debug|Win32
		{B17903BA-EE56-41F6-94D5-146291C36CF1}.Debug|x86.Build.0 = Debug|Win32
		{B17903BA-EE56-41F6-94D5-146291C36CF1}.Release|x64.ActiveCfg = Release|x64
		{B17903BA-EE56-41F6-94D5-146291C36CF1}.Release|x64.Build.0 = Release|x64
		{B17903BA-EE56-41F6-94D5-146291C36CF1}.Release|x86.ActiveCfg = Release|Win32
		{B17903BA-EE56-41F6-94D5-146291C36CF1}.Release|x86.Build.0 = Release|Win32
		{33F2BF37-8154-450C-BD61-9B97D7A3AB41}.Debug|x64.ActiveCfg = Debug|x64
		{33F2BF37-8154-450C-BD61-9B97D7A3AB41}.Debug|x64.Build.0 = Debug|x64
		{33F2BF37-8154-450C-BD61-9B97D7A3AB41}.Debug|x86.ActiveCfg = Debug|Win32
		{33F2BF37-8154-450C-BD61-9B97D7A3AB41}.Debug|x86.Build.0 = Debug|Win32
		{33F2BF37-8154-450C-BD61-9B97D7A3AB41}.Release|x64.ActiveCfg = Release|x64
		{33F2BF37-8154-450C-BD61-9B97D7A3AB41}.Release|x64.Build.0 = Release|x64
		{33F2BF37-8154-450C-BD61-9B97D7A3AB41}.Release|x86.ActiveCfg = Release|Win32
		{33F2BF37-8154-450C-BD61-9B97D7A3AB41}.Release|x86.Build.0 = Release|Win32
		{6B8DCC5F-E940-454D-8D6B-0369202AF159}.Debug|x64.ActiveCfg = Debug|x64
		{6B8DCC5F-E940-454D-8D6B-0369202AF159}.Debug|x64.Build.0 = Debug|x64
		{6B8DCC5F-E940-454D-8D6B-0369202AF159}.Debug|x86.ActiveCfg = Debug|Win32
		{6B8DCC5F-E940-454D-8D6B-0369202AF159}.Debug|x86.Build.0 = Debug|Win32
		{6B8DCC5F-E940-454D-8D6B-0369202AF159}.Release|x64.ActiveCfg = Release|x64
		{6B8DCC5F-E940-454D-8D6B-0369202AF159}.Release|x64.Build.0 = Release|x64
		{6B8DCC5F-E940-454D-8D6B-0369202AF159}.Release|x86.ActiveCfg = Release|Win32
		{6B8DCC5F-E940-454D-8D6B-0369202AF159}.Release|x86.Build.0 = Release|Win32
		{0C39084D-9279-418B-B97F-0BD1BC57348D}.Debug|x64.ActiveCfg = Debug|x64
		{0C39084D-9279-418B-B97F-0BD1BC57348D}.Debug|x64.Build.0 = Debug|x64
		{0C39084D-9279-418B-B97F-0BD1BC57348D}.Debug|x86.ActiveCfg = Debug|Win32
		{0C39084D-9279-418B-B97F-0BD1BC57348D}.Debug|x86.Build.0 = Debug|Win32
		{0C39084D-9279-418B-B97F-0BD1BC57348D}.Release|x64.ActiveCfg = Release|x64
		{0C39084D-9279-418B-B97F-0BD1BC57348D}.Release|x64.Build.0 = Release|x64
		{0C39084D-9279-418B-B97F-0BD1BC57348D}.Release|x86.ActiveCfg = Release|Win32
		{0C39084D-9279-418B-B97F-0BD1BC57348D}.Release|x86.Build.0 = Release|Win32
		{9A874E89-D009-4440-B8F3-A50E5D53C7DD}.Debug|x64.ActiveCfg = Debug|x64
		{9A874E89-D009-4440-B8F3-A50E5D53C7DD}.Debug|x64.Build.0 = Debug|x64
		{9A874E89-D009-4440-B8F3-A50E5D53C7DD}.Debug|x86.ActiveCfg = Debug|Win32
		{9A874E89-D009-4440-B8F3-A50E5D53C7DD}.Debug|x86.Build.0 = Debug|Win32
		{9A874E89-D009-4440-B8F3-A50E5D53C7DD}.Release|x64.ActiveCfg = Release|x64
		{9A874E89-D009-4440-B8F3-A50E5D53C7DD}.Release|x64.Build.0 = Release|x64
		{9A874E89-D009-4440-B8F3-A50E5D53C7DD}.Release|x86.ActiveCfg = Release|Win32
		{9A874E89-D009-4440-B8F3-A50E5D53C7DD}.Release|x86.Build.0 = Release|Win32
		{A8A80BCF-B85A-4C9D-9597-ACBC298286F1}.Debug|x64.ActiveCfg = Debug|x64
		{A8A80BCF-B85A-4C9D-9597-ACBC298286F1}.Debug|x64.Build.0 = Debug|x64
		{A8A80BCF-B85A-4C9D-9597-ACBC298286F1}.Debug|x86.ActiveCfg = Debug|Win32
		{A8A80BCF-B85A-4C9D-9597-ACBC298286F1}.Debug|x86.Build.0 = Debug|Win32
		{A8A80BCF-B85A-4C9D-9597-ACBC298286F1}.Release|x64.ActiveCfg = Release|x64
		{A8A80BCF-B85A-4C9D-9597-ACBC298286F1}.Release|x64.Build.0 = Release|x64
		{A8A80BCF-B85A-4C9D-9597-ACBC298286F1}.Release|x86.ActiveCfg = Release|Win32
		{A8A80BCF-B85A-4C9D-9597-ACBC298286F1}.Release|x86.Build.0 = Release|Win32
		{C4FD5310-EBDC-4338-8021-6D3B7E4C0ADF}.Debug|x64.ActiveCfg = Debug|x64
		{C4FD5310-EBDC-4338-8021-6D3B7E4C0ADF}.Debug|x64.Build.0 = Debug|x64
		{C4FD5310-EBDC-4338-8021-6D3B7E4C0ADF}.Debug|x86.ActiveCfg = Debug|Win32
		{C4FD5310-EBDC-4338-8021-6D3B7E4C0ADF}.Debug|x86.Build.0 = Debug|Win32
		{C4FD5310-EBDC-4338-8021-6D3B7E4C0ADF}.Release|x64.ActiveCfg = Release|x64
		{C4FD5310-EBDC-4338-8021-6D3B7E4C0ADF}.Release|x64.Build.0 = Release|x64
		{C4FD5310-EBDC-4338-8021-6D3B7E4C0ADF}.Release|x86.ActiveCfg = Release|Win32
		{C4FD5310-EBDC-4338-8021-6D3B7E4C0ADF}.Release|x86.Build.0 = Release|Win32
	EndGlobalSection
	GlobalSection(SolutionProperties) = preSolution
		HideSolutionNode = FALSE
	EndGlobalSection
	GlobalSection(ExtensibilityGlobals) = postSolution
		SolutionGuid = {4C71CBA5-75D2-46A1-BDBB-ED9147701F4D}
	EndGlobalSection
EndGlobal
